
Microsoft Visual Studio Solution File, Format Version 12.00
# Visual Studio Version 17
VisualStudioVersion = 17.9.34714.143
MinimumVisualStudioVersion = 10.0.40219.1
Project("{FAE04EC0-301F-11D3-BF4B-00C04F79EFBC}") = "Labb 2 - Trådar", "Labb 2 - Trådar\Labb 2 - Trådar.csproj", "{5DC0D19E-015B-4607-B525-0AA73D9CD28B}"
EndProject
Global
	GlobalSection(SolutionConfigurationPlatforms) = preSolution
		Debug|Any CPU = Debug|Any CPU
		Release|Any CPU = Release|Any CPU
	EndGlobalSection
	GlobalSection(ProjectConfigurationPlatforms) = postSolution
		{5DC0D19E-015B-4607-B525-0AA73D9CD28B}.Debug|Any CPU.ActiveCfg = Debug|Any CPU
		{5DC0D19E-015B-4607-B525-0AA73D9CD28B}.Debug|Any CPU.Build.0 = Debug|Any CPU
		{5DC0D19E-015B-4607-B525-0AA73D9CD28B}.Release|Any CPU.ActiveCfg = Release|Any CPU
		{5DC0D19E-015B-4607-B525-0AA73D9CD28B}.Release|Any CPU.Build.0 = Release|Any CPU
	EndGlobalSection
	GlobalSection(SolutionProperties) = preSolution
		HideSolutionNode = FALSE
	EndGlobalSection
	GlobalSection(ExtensibilityGlobals) = postSolution
		SolutionGuid = {6BEA82D6-9496-4621-9015-E76BC18440BB}
	EndGlobalSection
EndGlobal
